// !$*UTF8*$!
{
	archiveVersion = 1;
	classes = {
	};
	objectVersion = 50;
	objects = {

/* Begin PBXGroup section */
		AAC6D66A25D8748900BC20F1 = {
			isa = PBXGroup;
			children = (
			);
			sourceTree = "<group>";
		};
/* End PBXGroup section */

/* Begin PBXProject section */
		AAC6D66B25D8748900BC20F1 /* Project object */ = {
			isa = PBXProject;
			attributes = {
				LastUpgradeCheck = 1230;
			};
			buildConfigurationList = AAC6D66E25D8748900BC20F1 /* Build configuration list for PBXProject "edtechapp" */;
			compatibilityVersion = "Xcode 9.3";
			developmentRegion = en;
			hasScannedForEncodings = 0;
			knownRegions = (
				en,
			);
			mainGroup = AAC6D66A25D8748900BC20F1;
			projectDirPath = "";
			projectRoot = "";
			targets = (
			);
		};
/* End PBXProject section */

/* Begin XCBuildConfiguration section */
		AAC6D66F25D8748900BC20F1 /* Debug */ = {
			isa = XCBuildConfiguration;
			buildSettings = {
			};
			name = Debug;
		};
		AAC6D67025D8748900BC20F1 /* Release */ = {
			isa = XCBuildConfiguration;
			buildSettings = {
			};
			name = Release;
		};
/* End XCBuildConfiguration section */

/* Begin XCConfigurationList section */
		AAC6D66E25D8748900BC20F1 /* Build configuration list for PBXProject "edtechapp" */ = {
			isa = XCConfigurationList;
			buildConfigurations = (
				AAC6D66F25D8748900BC20F1 /* Debug */,
				AAC6D67025D8748900BC20F1 /* Release */,
			);
			defaultConfigurationIsVisible = 0;
			defaultConfigurationName = Release;
		};
/* End XCConfigurationList section */
	};
	rootObject = AAC6D66B25D8748900BC20F1 /* Project object */;
}
